
Microsoft Visual Studio Solution File, Format Version 12.00
Project("{FAE04EC0-301F-11D3-BF4B-00C04F79EFBC}") = "ExpensesManagementApp", "ExpensesManagementApp\ExpensesManagementApp.csproj", "{28098BDD-4045-4E85-BEDA-E55AB3052BA4}"
EndProject
Global
	GlobalSection(SolutionConfigurationPlatforms) = preSolution
		Debug|Any CPU = Debug|Any CPU
		Release|Any CPU = Release|Any CPU
	EndGlobalSection
	GlobalSection(ProjectConfigurationPlatforms) = postSolution
		{28098BDD-4045-4E85-BEDA-E55AB3052BA4}.Debug|Any CPU.ActiveCfg = Debug|Any CPU
		{28098BDD-4045-4E85-BEDA-E55AB3052BA4}.Debug|Any CPU.Build.0 = Debug|Any CPU
		{28098BDD-4045-4E85-BEDA-E55AB3052BA4}.Release|Any CPU.ActiveCfg = Release|Any CPU
		{28098BDD-4045-4E85-BEDA-E55AB3052BA4}.Release|Any CPU.Build.0 = Release|Any CPU
	EndGlobalSection
EndGlobal
